
Microsoft Visual Studio Solution File, Format Version 12.00
# Visual Studio Version 16
VisualStudioVersion = 16.0.30907.101
MinimumVisualStudioVersion = 10.0.40219.1
Project("{FAE04EC0-301F-11D3-BF4B-00C04F79EFBC}") = "ThisProjectForYouSefa", "ThisProjectForYouSefa\ThisProjectForYouSefa.csproj", "{C69F908E-A4E6-4293-9F3D-EA41135F1D7F}"
EndProject
Global
	GlobalSection(SolutionConfigurationPlatforms) = preSolution
		Debug|Any CPU = Debug|Any CPU
		Release|Any CPU = Release|Any CPU
	EndGlobalSection
	GlobalSection(ProjectConfigurationPlatforms) = postSolution
		{C69F908E-A4E6-4293-9F3D-EA41135F1D7F}.Debug|Any CPU.ActiveCfg = Debug|Any CPU
		{C69F908E-A4E6-4293-9F3D-EA41135F1D7F}.Debug|Any CPU.Build.0 = Debug|Any CPU
		{C69F908E-A4E6-4293-9F3D-EA41135F1D7F}.Release|Any CPU.ActiveCfg = Release|Any CPU
		{C69F908E-A4E6-4293-9F3D-EA41135F1D7F}.Release|Any CPU.Build.0 = Release|Any CPU
	EndGlobalSection
	GlobalSection(SolutionProperties) = preSolution
		HideSolutionNode = FALSE
	EndGlobalSection
	GlobalSection(ExtensibilityGlobals) = postSolution
		SolutionGuid = {C3465746-838F-44EF-9EC4-131D4AF3D3CB}
	EndGlobalSection
EndGlobal
